
Microsoft Visual Studio Solution File, Format Version 12.00
# Visual Studio Version 17
VisualStudioVersion = 17.14.37111.16
MinimumVisualStudioVersion = 10.0.40219.1
Project("{FAE04EC0-301F-11D3-BF4B-00C04F79EFBC}") = "AlexRamos.Calculator", "AlexRamos.Calculator\AlexRamos.Calculator.csproj", "{6959C9EE-84B8-497F-8B07-1D38E2A474E9}"
EndProject
Project("{FAE04EC0-301F-11D3-BF4B-00C04F79EFBC}") = "CalculatorLibrary", "CalculatorLibrary\CalculatorLibrary.csproj", "{ADCF80A5-6B0E-4BA5-AE12-C79950B55778}"
EndProject
Global
	GlobalSection(SolutionConfigurationPlatforms) = preSolution
		Debug|Any CPU = Debug|Any CPU
		Release|Any CPU = Release|Any CPU
	EndGlobalSection
	GlobalSection(ProjectConfigurationPlatforms) = postSolution
		{6959C9EE-84B8-497F-8B07-1D38E2A474E9}.Debug|Any CPU.ActiveCfg = Debug|Any CPU
		{6959C9EE-84B8-497F-8B07-1D38E2A474E9}.Debug|Any CPU.Build.0 = Debug|Any CPU
		{6959C9EE-84B8-497F-8B07-1D38E2A474E9}.Release|Any CPU.ActiveCfg = Release|Any CPU
		{6959C9EE-84B8-497F-8B07-1D38E2A474E9}.Release|Any CPU.Build.0 = Release|Any CPU
		{ADCF80A5-6B0E-4BA5-AE12-C79950B55778}.Debug|Any CPU.ActiveCfg = Debug|Any CPU
		{ADCF80A5-6B0E-4BA5-AE12-C79950B55778}.Debug|Any CPU.Build.0 = Debug|Any CPU
		{ADCF80A5-6B0E-4BA5-AE12-C79950B55778}.Release|Any CPU.ActiveCfg = Release|Any CPU
		{ADCF80A5-6B0E-4BA5-AE12-C79950B55778}.Release|Any CPU.Build.0 = Release|Any CPU
	EndGlobalSection
	GlobalSection(SolutionProperties) = preSolution
		HideSolutionNode = FALSE
	EndGlobalSection
	GlobalSection(ExtensibilityGlobals) = postSolution
		SolutionGuid = {F4AD6553-C6BB-466C-BA68-78A7B3F84307}
	EndGlobalSection
EndGlobal
